{
    "name": "@gibson/react-hooks",
    "version": "1.0.0",
    "lockfileVersion": 3,
    "requires": true,
    "packages": {
        "": {
            "name": "@gibson/react-hooks",
            "version": "1.0.0",
            "license": "ISC",
            "dependencies": {
                "@gsap/react": "^2.1.1",
                "copy-to-clipboard": "^3.3.3",
                "gsap": "^3.12.5",
                "js-cookie": "^3.0.5",
                "lodash": "^4.17.21",
                "react": "^18.3.1"
            },
            "devDependencies": {
                "@types/bun": "latest",
                "@types/js-cookie": "^3.0.6",
                "@types/lodash": "^4.17.10",
                "@types/react": "^18.3.11"
            },
            "peerDependencies": {
                "typescript": "^5.0.0"
            }
        },
        "node_modules/@gsap/react": {
            "version": "2.1.1",
            "license": "SEE LICENSE AT https://gsap.com/standard-license",
            "dependencies": {
                "gsap": "^3.12.5",
                "react": ">=16"
            }
        },
        "node_modules/@types/bun": {
            "version": "1.1.11",
            "resolved": "https://registry.npmjs.org/@types/bun/-/bun-1.1.11.tgz",
            "integrity": "sha512-0N7D/H/8sbf9JMkaG5F3+I/cB4TlhKTkO9EskEWP8XDr8aVcDe4EywSnU4cnyZy6tar1dq70NeFNkqMEUigthw==",
            "dev": true,
            "license": "MIT",
            "dependencies": {
                "bun-types": "1.1.30"
            }
        },
        "node_modules/@types/js-cookie": {
            "version": "3.0.6",
            "dev": true,
            "license": "MIT"
        },
        "node_modules/@types/lodash": {
            "version": "4.17.10",
            "dev": true,
            "license": "MIT"
        },
        "node_modules/@types/node": {
            "version": "20.12.14",
            "dev": true,
            "license": "MIT",
            "dependencies": {
                "undici-types": "~5.26.4"
            }
        },
        "node_modules/@types/prop-types": {
            "version": "15.7.13",
            "dev": true,
            "license": "MIT"
        },
        "node_modules/@types/react": {
            "version": "18.3.11",
            "dev": true,
            "license": "MIT",
            "dependencies": {
                "@types/prop-types": "*",
                "csstype": "^3.0.2"
            }
        },
        "node_modules/@types/ws": {
            "version": "8.5.12",
            "resolved": "https://registry.npmjs.org/@types/ws/-/ws-8.5.12.tgz",
            "integrity": "sha512-3tPRkv1EtkDpzlgyKyI8pGsGZAGPEaXeu0DOj5DI25Ja91bdAYddYHbADRYVrZMRbfW+1l5YwXVDKohDJNQxkQ==",
            "dev": true,
            "license": "MIT",
            "dependencies": {
                "@types/node": "*"
            }
        },
        "node_modules/bun-types": {
            "version": "1.1.30",
            "resolved": "https://registry.npmjs.org/bun-types/-/bun-types-1.1.30.tgz",
            "integrity": "sha512-mGh7NLisOXskBU62DxLS+/nwmLlCYHYAkCzdo4DZ9+fzrpP41hAdOqaN4DO6tQfenHb4pYb0/shw29k4/6I2yQ==",
            "dev": true,
            "license": "MIT",
            "dependencies": {
                "@types/node": "~20.12.8",
                "@types/ws": "~8.5.10"
            }
        },
        "node_modules/copy-to-clipboard": {
            "version": "3.3.3",
            "license": "MIT",
            "dependencies": {
                "toggle-selection": "^1.0.6"
            }
        },
        "node_modules/csstype": {
            "version": "3.1.3",
            "dev": true,
            "license": "MIT"
        },
        "node_modules/gsap": {
            "version": "3.12.5",
            "license": "Standard 'no charge' license: https://gsap.com/standard-license. Club GSAP members get more: https://gsap.com/licensing/. Why GreenSock doesn't employ an MIT license: https://gsap.com/why-license/"
        },
        "node_modules/js-cookie": {
            "version": "3.0.5",
            "license": "MIT",
            "engines": {
                "node": ">=14"
            }
        },
        "node_modules/js-tokens": {
            "version": "4.0.0",
            "license": "MIT"
        },
        "node_modules/lodash": {
            "version": "4.17.21",
            "license": "MIT"
        },
        "node_modules/loose-envify": {
            "version": "1.4.0",
            "license": "MIT",
            "dependencies": {
                "js-tokens": "^3.0.0 || ^4.0.0"
            },
            "bin": {
                "loose-envify": "cli.js"
            }
        },
        "node_modules/react": {
            "version": "18.3.1",
            "license": "MIT",
            "dependencies": {
                "loose-envify": "^1.1.0"
            },
            "engines": {
                "node": ">=0.10.0"
            }
        },
        "node_modules/toggle-selection": {
            "version": "1.0.6",
            "license": "MIT"
        },
        "node_modules/typescript": {
            "version": "5.6.2",
            "license": "Apache-2.0",
            "peer": true,
            "bin": {
                "tsc": "bin/tsc",
                "tsserver": "bin/tsserver"
            },
            "engines": {
                "node": ">=14.17"
            }
        },
        "node_modules/undici-types": {
            "version": "5.26.5",
            "dev": true,
            "license": "MIT"
        }
    }
}
